// !$*UTF8*$!
{
	archiveVersion = 1;
	classes = {
	};
	objectVersion = 48;
	objects = {

/* Begin PBXBuildFile section */
		D31BA6541F78AFEA00FEC8EF /* ConstantEnumeration.swift in Sources */ = {isa = PBXBuildFile; fileRef = D31BA6531F78AFEA00FEC8EF /* ConstantEnumeration.swift */; };
		D323E8B31F78B7A400690028 /* SelectorCell.swift in Sources */ = {isa = PBXBuildFile; fileRef = D323E8B21F78B7A400690028 /* SelectorCell.swift */; };
		D37EBE911F77FCEB00FC74CD /* UITextInputTraitsViewController.swift in Sources */ = {isa = PBXBuildFile; fileRef = D37EBE901F77FCEB00FC74CD /* UITextInputTraitsViewController.swift */; };
		D37EBE931F780BFB00FC74CD /* KeyboardSelectorPopView.swift in Sources */ = {isa = PBXBuildFile; fileRef = D37EBE921F780BFB00FC74CD /* KeyboardSelectorPopView.swift */; };
		D3824D271F763B7F00180EE3 /* AppDelegate.swift in Sources */ = {isa = PBXBuildFile; fileRef = D3824D261F763B7F00180EE3 /* AppDelegate.swift */; };
		D3824D291F763B7F00180EE3 /* ViewController.swift in Sources */ = {isa = PBXBuildFile; fileRef = D3824D281F763B7F00180EE3 /* ViewController.swift */; };
		D3824D2C1F763B7F00180EE3 /* Main.storyboard in Resources */ = {isa = PBXBuildFile; fileRef = D3824D2A1F763B7F00180EE3 /* Main.storyboard */; };
		D3824D2E1F763B7F00180EE3 /* Assets.xcassets in Resources */ = {isa = PBXBuildFile; fileRef = D3824D2D1F763B7F00180EE3 /* Assets.xcassets */; };
		D385CAE81F79F7040022F69A /* TFInputView.xib in Resources */ = {isa = PBXBuildFile; fileRef = D385CAE71F79F7040022F69A /* TFInputView.xib */; };
		D385CAEA1F79F7160022F69A /* TFInputAccessoryView.xib in Resources */ = {isa = PBXBuildFile; fileRef = D385CAE91F79F7160022F69A /* TFInputAccessoryView.xib */; };
		D385CB0A1F7A0FFB0022F69A /* Launch Screen.storyboard in Resources */ = {isa = PBXBuildFile; fileRef = D385CB091F7A0FFB0022F69A /* Launch Screen.storyboard */; };
/* End PBXBuildFile section */

/* Begin PBXFileReference section */
		D31BA6531F78AFEA00FEC8EF /* ConstantEnumeration.swift */ = {isa = PBXFileReference; lastKnownFileType = sourcecode.swift; path = ConstantEnumeration.swift; sourceTree = "<group>"; };
		D323E8B21F78B7A400690028 /* SelectorCell.swift */ = {isa = PBXFileReference; lastKnownFileType = sourcecode.swift; path = SelectorCell.swift; sourceTree = "<group>"; };
		D37EBE901F77FCEB00FC74CD /* UITextInputTraitsViewController.swift */ = {isa = PBXFileReference; lastKnownFileType = sourcecode.swift; path = UITextInputTraitsViewController.swift; sourceTree = "<group>"; };
		D37EBE921F780BFB00FC74CD /* KeyboardSelectorPopView.swift */ = {isa = PBXFileReference; lastKnownFileType = sourcecode.swift; path = KeyboardSelectorPopView.swift; sourceTree = "<group>"; };
		D3824D231F763B7F00180EE3 /* TextField.app */ = {isa = PBXFileReference; explicitFileType = wrapper.application; includeInIndex = 0; path = TextField.app; sourceTree = BUILT_PRODUCTS_DIR; };
		D3824D261F763B7F00180EE3 /* AppDelegate.swift */ = {isa = PBXFileReference; lastKnownFileType = sourcecode.swift; path = AppDelegate.swift; sourceTree = "<group>"; };
		D3824D281F763B7F00180EE3 /* ViewController.swift */ = {isa = PBXFileReference; lastKnownFileType = sourcecode.swift; path = ViewController.swift; sourceTree = "<group>"; };
		D3824D2B1F763B7F00180EE3 /* Base */ = {isa = PBXFileReference; lastKnownFileType = file.storyboard; name = Base; path = Base.lproj/Main.storyboard; sourceTree = "<group>"; };
		D3824D2D1F763B7F00180EE3 /* Assets.xcassets */ = {isa = PBXFileReference; lastKnownFileType = folder.assetcatalog; path = Assets.xcassets; sourceTree = "<group>"; };
		D3824D321F763B7F00180EE3 /* Info.plist */ = {isa = PBXFileReference; lastKnownFileType = text.plist.xml; path = Info.plist; sourceTree = "<group>"; };
		D385CAE71F79F7040022F69A /* TFInputView.xib */ = {isa = PBXFileReference; lastKnownFileType = file.xib; path = TFInputView.xib; sourceTree = "<group>"; };
		D385CAE91F79F7160022F69A /* TFInputAccessoryView.xib */ = {isa = PBXFileReference; lastKnownFileType = file.xib; path = TFInputAccessoryView.xib; sourceTree = "<group>"; };
		D385CB091F7A0FFB0022F69A /* Launch Screen.storyboard */ = {isa = PBXFileReference; lastKnownFileType = file.storyboard; path = "Launch Screen.storyboard"; sourceTree = "<group>"; };
/* End PBXFileReference section */

/* Begin PBXFrameworksBuildPhase section */
		D3824D201F763B7F00180EE3 /* Frameworks */ = {
			isa = PBXFrameworksBuildPhase;
			buildActionMask = 2147483647;
			files = (
			);
			runOnlyForDeploymentPostprocessing = 0;
		};
/* End PBXFrameworksBuildPhase section */

/* Begin PBXGroup section */
		D3824D1A1F763B7F00180EE3 = {
			isa = PBXGroup;
			children = (
				D3824D251F763B7F00180EE3 /* TextField */,
				D3824D241F763B7F00180EE3 /* Products */,
			);
			sourceTree = "<group>";
		};
		D3824D241F763B7F00180EE3 /* Products */ = {
			isa = PBXGroup;
			children = (
				D3824D231F763B7F00180EE3 /* TextField.app */,
			);
			name = Products;
			sourceTree = "<group>";
		};
		D3824D251F763B7F00180EE3 /* TextField */ = {
			isa = PBXGroup;
			children = (
				D3824D261F763B7F00180EE3 /* AppDelegate.swift */,
				D31BA6531F78AFEA00FEC8EF /* ConstantEnumeration.swift */,
				D3824D281F763B7F00180EE3 /* ViewController.swift */,
				D385CAE71F79F7040022F69A /* TFInputView.xib */,
				D385CAE91F79F7160022F69A /* TFInputAccessoryView.xib */,
				D37EBE901F77FCEB00FC74CD /* UITextInputTraitsViewController.swift */,
				D3824D2A1F763B7F00180EE3 /* Main.storyboard */,
				D37EBE921F780BFB00FC74CD /* KeyboardSelectorPopView.swift */,
				D323E8B21F78B7A400690028 /* SelectorCell.swift */,
				D3824D2D1F763B7F00180EE3 /* Assets.xcassets */,
				D385CB091F7A0FFB0022F69A /* Launch Screen.storyboard */,
				D3824D321F763B7F00180EE3 /* Info.plist */,
			);
			path = TextField;
			sourceTree = "<group>";
		};
/* End PBXGroup section */

/* Begin PBXNativeTarget section */
		D3824D221F763B7F00180EE3 /* TextField */ = {
			isa = PBXNativeTarget;
			buildConfigurationList = D3824D351F763B7F00180EE3 /* Build configuration list for PBXNativeTarget "TextField" */;
			buildPhases = (
				D3824D1F1F763B7F00180EE3 /* Sources */,
				D3824D201F763B7F00180EE3 /* Frameworks */,
				D3824D211F763B7F00180EE3 /* Resources */,
			);
			buildRules = (
			);
			dependencies = (
			);
			name = TextField;
			productName = TextField;
			productReference = D3824D231F763B7F00180EE3 /* TextField.app */;
			productType = "com.apple.product-type.application";
		};
/* End PBXNativeTarget section */

/* Begin PBXProject section */
		D3824D1B1F763B7F00180EE3 /* Project object */ = {
			isa = PBXProject;
			attributes = {
				LastSwiftUpdateCheck = 0900;
				LastUpgradeCheck = 0900;
				ORGANIZATIONNAME = Weslie;
				TargetAttributes = {
					D3824D221F763B7F00180EE3 = {
						CreatedOnToolsVersion = 9.0;
						ProvisioningStyle = Automatic;
					};
				};
			};
			buildConfigurationList = D3824D1E1F763B7F00180EE3 /* Build configuration list for PBXProject "TextField" */;
			compatibilityVersion = "Xcode 8.0";
			developmentRegion = en;
			hasScannedForEncodings = 0;
			knownRegions = (
				en,
				Base,
			);
			mainGroup = D3824D1A1F763B7F00180EE3;
			productRefGroup = D3824D241F763B7F00180EE3 /* Products */;
			projectDirPath = "";
			projectRoot = "";
			targets = (
				D3824D221F763B7F00180EE3 /* TextField */,
			);
		};
/* End PBXProject section */

/* Begin PBXResourcesBuildPhase section */
		D3824D211F763B7F00180EE3 /* Resources */ = {
			isa = PBXResourcesBuildPhase;
			buildActionMask = 2147483647;
			files = (
				D385CAEA1F79F7160022F69A /* TFInputAccessoryView.xib in Resources */,
				D385CAE81F79F7040022F69A /* TFInputView.xib in Resources */,
				D3824D2E1F763B7F00180EE3 /* Assets.xcassets in Resources */,
				D385CB0A1F7A0FFB0022F69A /* Launch Screen.storyboard in Resources */,
				D3824D2C1F763B7F00180EE3 /* Main.storyboard in Resources */,
			);
			runOnlyForDeploymentPostprocessing = 0;
		};
/* End PBXResourcesBuildPhase section */

/* Begin PBXSourcesBuildPhase section */
		D3824D1F1F763B7F00180EE3 /* Sources */ = {
			isa = PBXSourcesBuildPhase;
			buildActionMask = 2147483647;
			files = (
				D3824D291F763B7F00180EE3 /* ViewController.swift in Sources */,
				D31BA6541F78AFEA00FEC8EF /* ConstantEnumeration.swift in Sources */,
				D37EBE911F77FCEB00FC74CD /* UITextInputTraitsViewController.swift in Sources */,
				D3824D271F763B7F00180EE3 /* AppDelegate.swift in Sources */,
				D323E8B31F78B7A400690028 /* SelectorCell.swift in Sources */,
				D37EBE931F780BFB00FC74CD /* KeyboardSelectorPopView.swift in Sources */,
			);
			runOnlyForDeploymentPostprocessing = 0;
		};
/* End PBXSourcesBuildPhase section */

/* Begin PBXVariantGroup section */
		D3824D2A1F763B7F00180EE3 /* Main.storyboard */ = {
			isa = PBXVariantGroup;
			children = (
				D3824D2B1F763B7F00180EE3 /* Base */,
			);
			name = Main.storyboard;
			sourceTree = "<group>";
		};
/* End PBXVariantGroup section */

/* Begin XCBuildConfiguration section */
		D3824D331F763B7F00180EE3 /* Debug */ = {
			isa = XCBuildConfiguration;
			buildSettings = {
				ALWAYS_SEARCH_USER_PATHS = NO;
				CLANG_ANALYZER_NONNULL = YES;
				CLANG_ANALYZER_NUMBER_OBJECT_CONVERSION = YES_AGGRESSIVE;
				CLANG_CXX_LANGUAGE_STANDARD = "gnu++14";
				CLANG_CXX_LIBRARY = "libc++";
				CLANG_ENABLE_MODULES = YES;
				CLANG_ENABLE_OBJC_ARC = YES;
				CLANG_WARN_BLOCK_CAPTURE_AUTORELEASING = YES;
				CLANG_WARN_BOOL_CONVERSION = YES;
				CLANG_WARN_COMMA = YES;
				CLANG_WARN_CONSTANT_CONVERSION = YES;
				CLANG_WARN_DIRECT_OBJC_ISA_USAGE = YES_ERROR;
				CLANG_WARN_DOCUMENTATION_COMMENTS = YES;
				CLANG_WARN_EMPTY_BODY = YES;
				CLANG_WARN_ENUM_CONVERSION = YES;
				CLANG_WARN_INFINITE_RECURSION = YES;
				CLANG_WARN_INT_CONVERSION = YES;
				CLANG_WARN_NON_LITERAL_NULL_CONVERSION = YES;
				CLANG_WARN_OBJC_LITERAL_CONVERSION = YES;
				CLANG_WARN_OBJC_ROOT_CLASS = YES_ERROR;
				CLANG_WARN_RANGE_LOOP_ANALYSIS = YES;
				CLANG_WARN_STRICT_PROTOTYPES = YES;
				CLANG_WARN_SUSPICIOUS_MOVE = YES;
				CLANG_WARN_UNGUARDED_AVAILABILITY = YES_AGGRESSIVE;
				CLANG_WARN_UNREACHABLE_CODE = YES;
				CLANG_WARN__DUPLICATE_METHOD_MATCH = YES;
				CODE_SIGN_IDENTITY = "iPhone Developer";
				COPY_PHASE_STRIP = NO;
				DEBUG_INFORMATION_FORMAT = dwarf;
				ENABLE_STRICT_OBJC_MSGSEND = YES;
				ENABLE_TESTABILITY = YES;
				GCC_C_LANGUAGE_STANDARD = gnu11;
				GCC_DYNAMIC_NO_PIC = NO;
				GCC_NO_COMMON_BLOCKS = YES;
				GCC_OPTIMIZATION_LEVEL = 0;
				GCC_PREPROCESSOR_DEFINITIONS = (
					"DEBUG=1",
					"$(inherited)",
				);
				GCC_WARN_64_TO_32_BIT_CONVERSION = YES;
				GCC_WARN_ABOUT_RETURN_TYPE = YES_ERROR;
				GCC_WARN_UNDECLARED_SELECTOR = YES;
				GCC_WARN_UNINITIALIZED_AUTOS = YES_AGGRESSIVE;
				GCC_WARN_UNUSED_FUNCTION = YES;
				GCC_WARN_UNUSED_VARIABLE = YES;
				IPHONEOS_DEPLOYMENT_TARGET = 11.0;
				MTL_ENABLE_DEBUG_INFO = YES;
				ONLY_ACTIVE_ARCH = YES;
				SDKROOT = iphoneos;
				SWIFT_ACTIVE_COMPILATION_CONDITIONS = DEBUG;
				SWIFT_OPTIMIZATION_LEVEL = "-Onone";
			};
			name = Debug;
		};
		D3824D341F763B7F00180EE3 /* Release */ = {
			isa = XCBuildConfiguration;
			buildSettings = {
				ALWAYS_SEARCH_USER_PATHS = NO;
				CLANG_ANALYZER_NONNULL = YES;
				CLANG_ANALYZER_NUMBER_OBJECT_CONVERSION = YES_AGGRESSIVE;
				CLANG_CXX_LANGUAGE_STANDARD = "gnu++14";
				CLANG_CXX_LIBRARY = "libc++";
				CLANG_ENABLE_MODULES = YES;
				CLANG_ENABLE_OBJC_ARC = YES;
				CLANG_WARN_BLOCK_CAPTURE_AUTORELEASING = YES;
				CLANG_WARN_BOOL_CONVERSION = YES;
				CLANG_WARN_COMMA = YES;
				CLANG_WARN_CONSTANT_CONVERSION = YES;
				CLANG_WARN_DIRECT_OBJC_ISA_USAGE = YES_ERROR;
				CLANG_WARN_DOCUMENTATION_COMMENTS = YES;
				CLANG_WARN_EMPTY_BODY = YES;
				CLANG_WARN_ENUM_CONVERSION = YES;
				CLANG_WARN_INFINITE_RECURSION = YES;
				CLANG_WARN_INT_CONVERSION = YES;
				CLANG_WARN_NON_LITERAL_NULL_CONVERSION = YES;
				CLANG_WARN_OBJC_LITERAL_CONVERSION = YES;
				CLANG_WARN_OBJC_ROOT_CLASS = YES_ERROR;
				CLANG_WARN_RANGE_LOOP_ANALYSIS = YES;
				CLANG_WARN_STRICT_PROTOTYPES = YES;
				CLANG_WARN_SUSPICIOUS_MOVE = YES;
				CLANG_WARN_UNGUARDED_AVAILABILITY = YES_AGGRESSIVE;
				CLANG_WARN_UNREACHABLE_CODE = YES;
				CLANG_WARN__DUPLICATE_METHOD_MATCH = YES;
				CODE_SIGN_IDENTITY = "iPhone Developer";
				COPY_PHASE_STRIP = NO;
				DEBUG_INFORMATION_FORMAT = "dwarf-with-dsym";
				ENABLE_NS_ASSERTIONS = NO;
				ENABLE_STRICT_OBJC_MSGSEND = YES;
				GCC_C_LANGUAGE_STANDARD = gnu11;
				GCC_NO_COMMON_BLOCKS = YES;
				GCC_WARN_64_TO_32_BIT_CONVERSION = YES;
				GCC_WARN_ABOUT_RETURN_TYPE = YES_ERROR;
				GCC_WARN_UNDECLARED_SELECTOR = YES;
				GCC_WARN_UNINITIALIZED_AUTOS = YES_AGGRESSIVE;
				GCC_WARN_UNUSED_FUNCTION = YES;
				GCC_WARN_UNUSED_VARIABLE = YES;
				IPHONEOS_DEPLOYMENT_TARGET = 11.0;
				MTL_ENABLE_DEBUG_INFO = NO;
				SDKROOT = iphoneos;
				SWIFT_OPTIMIZATION_LEVEL = "-Owholemodule";
				VALIDATE_PRODUCT = YES;
			};
			name = Release;
		};
		D3824D361F763B7F00180EE3 /* Debug */ = {
			isa = XCBuildConfiguration;
			buildSettings = {
				ASSETCATALOG_COMPILER_APPICON_NAME = UITextField;
				CODE_SIGN_STYLE = Automatic;
				INFOPLIST_FILE = TextField/Info.plist;
				LD_RUNPATH_SEARCH_PATHS = "$(inherited) @executable_path/Frameworks";
				PRODUCT_BUNDLE_IDENTIFIER = com.weslie.TextField;
				PRODUCT_NAME = "$(TARGET_NAME)";
				SWIFT_VERSION = 4.0;
				TARGETED_DEVICE_FAMILY = "1,2";
			};
			name = Debug;
		};
		D3824D371F763B7F00180EE3 /* Release */ = {
			isa = XCBuildConfiguration;
			buildSettings = {
				ASSETCATALOG_COMPILER_APPICON_NAME = UITextField;
				CODE_SIGN_STYLE = Automatic;
				INFOPLIST_FILE = TextField/Info.plist;
				LD_RUNPATH_SEARCH_PATHS = "$(inherited) @executable_path/Frameworks";
				PRODUCT_BUNDLE_IDENTIFIER = com.weslie.TextField;
				PRODUCT_NAME = "$(TARGET_NAME)";
				SWIFT_VERSION = 4.0;
				TARGETED_DEVICE_FAMILY = "1,2";
			};
			name = Release;
		};
/* End XCBuildConfiguration section */

/* Begin XCConfigurationList section */
		D3824D1E1F763B7F00180EE3 /* Build configuration list for PBXProject "TextField" */ = {
			isa = XCConfigurationList;
			buildConfigurations = (
				D3824D331F763B7F00180EE3 /* Debug */,
				D3824D341F763B7F00180EE3 /* Release */,
			);
			defaultConfigurationIsVisible = 0;
			defaultConfigurationName = Release;
		};
		D3824D351F763B7F00180EE3 /* Build configuration list for PBXNativeTarget "TextField" */ = {
			isa = XCConfigurationList;
			buildConfigurations = (
				D3824D361F763B7F00180EE3 /* Debug */,
				D3824D371F763B7F00180EE3 /* Release */,
			);
			defaultConfigurationIsVisible = 0;
			defaultConfigurationName = Release;
		};
/* End XCConfigurationList section */
	};
	rootObject = D3824D1B1F763B7F00180EE3 /* Project object */;
}
