// !$*UTF8*$!
{
	archiveVersion = 1;
	classes = {
	};
	objectVersion = 48;
	objects = {

/* Begin PBXBuildFile section */
		D3BEE2611F7B6C5500134625 /* AppDelegate.swift in Sources */ = {isa = PBXBuildFile; fileRef = D3BEE2601F7B6C5500134625 /* AppDelegate.swift */; };
		D3BEE2631F7B6C5500134625 /* ViewController.swift in Sources */ = {isa = PBXBuildFile; fileRef = D3BEE2621F7B6C5500134625 /* ViewController.swift */; };
		D3BEE2661F7B6C5500134625 /* Main.storyboard in Resources */ = {isa = PBXBuildFile; fileRef = D3BEE2641F7B6C5500134625 /* Main.storyboard */; };
		D3BEE2681F7B6C5500134625 /* Assets.xcassets in Resources */ = {isa = PBXBuildFile; fileRef = D3BEE2671F7B6C5500134625 /* Assets.xcassets */; };
		D3BEE26B1F7B6C5500134625 /* LaunchScreen.storyboard in Resources */ = {isa = PBXBuildFile; fileRef = D3BEE2691F7B6C5500134625 /* LaunchScreen.storyboard */; };
/* End PBXBuildFile section */

/* Begin PBXFileReference section */
		D3BEE25D1F7B6C5500134625 /* ActivityIndicatorView.app */ = {isa = PBXFileReference; explicitFileType = wrapper.application; includeInIndex = 0; path = ActivityIndicatorView.app; sourceTree = BUILT_PRODUCTS_DIR; };
		D3BEE2601F7B6C5500134625 /* AppDelegate.swift */ = {isa = PBXFileReference; lastKnownFileType = sourcecode.swift; path = AppDelegate.swift; sourceTree = "<group>"; };
		D3BEE2621F7B6C5500134625 /* ViewController.swift */ = {isa = PBXFileReference; lastKnownFileType = sourcecode.swift; path = ViewController.swift; sourceTree = "<group>"; };
		D3BEE2651F7B6C5500134625 /* Base */ = {isa = PBXFileReference; lastKnownFileType = file.storyboard; name = Base; path = Base.lproj/Main.storyboard; sourceTree = "<group>"; };
		D3BEE2671F7B6C5500134625 /* Assets.xcassets */ = {isa = PBXFileReference; lastKnownFileType = folder.assetcatalog; path = Assets.xcassets; sourceTree = "<group>"; };
		D3BEE26A1F7B6C5500134625 /* Base */ = {isa = PBXFileReference; lastKnownFileType = file.storyboard; name = Base; path = Base.lproj/LaunchScreen.storyboard; sourceTree = "<group>"; };
		D3BEE26C1F7B6C5500134625 /* Info.plist */ = {isa = PBXFileReference; lastKnownFileType = text.plist.xml; path = Info.plist; sourceTree = "<group>"; };
/* End PBXFileReference section */

/* Begin PBXFrameworksBuildPhase section */
		D3BEE25A1F7B6C5500134625 /* Frameworks */ = {
			isa = PBXFrameworksBuildPhase;
			buildActionMask = 2147483647;
			files = (
			);
			runOnlyForDeploymentPostprocessing = 0;
		};
/* End PBXFrameworksBuildPhase section */

/* Begin PBXGroup section */
		D3BEE2541F7B6C5500134625 = {
			isa = PBXGroup;
			children = (
				D3BEE25F1F7B6C5500134625 /* ActivityIndicatorView */,
				D3BEE25E1F7B6C5500134625 /* Products */,
			);
			sourceTree = "<group>";
		};
		D3BEE25E1F7B6C5500134625 /* Products */ = {
			isa = PBXGroup;
			children = (
				D3BEE25D1F7B6C5500134625 /* ActivityIndicatorView.app */,
			);
			name = Products;
			sourceTree = "<group>";
		};
		D3BEE25F1F7B6C5500134625 /* ActivityIndicatorView */ = {
			isa = PBXGroup;
			children = (
				D3BEE2601F7B6C5500134625 /* AppDelegate.swift */,
				D3BEE2621F7B6C5500134625 /* ViewController.swift */,
				D3BEE2641F7B6C5500134625 /* Main.storyboard */,
				D3BEE2671F7B6C5500134625 /* Assets.xcassets */,
				D3BEE2691F7B6C5500134625 /* LaunchScreen.storyboard */,
				D3BEE26C1F7B6C5500134625 /* Info.plist */,
			);
			path = ActivityIndicatorView;
			sourceTree = "<group>";
		};
/* End PBXGroup section */

/* Begin PBXNativeTarget section */
		D3BEE25C1F7B6C5500134625 /* ActivityIndicatorView */ = {
			isa = PBXNativeTarget;
			buildConfigurationList = D3BEE26F1F7B6C5500134625 /* Build configuration list for PBXNativeTarget "ActivityIndicatorView" */;
			buildPhases = (
				D3BEE2591F7B6C5500134625 /* Sources */,
				D3BEE25A1F7B6C5500134625 /* Frameworks */,
				D3BEE25B1F7B6C5500134625 /* Resources */,
			);
			buildRules = (
			);
			dependencies = (
			);
			name = ActivityIndicatorView;
			productName = ActivityIndicatorView;
			productReference = D3BEE25D1F7B6C5500134625 /* ActivityIndicatorView.app */;
			productType = "com.apple.product-type.application";
		};
/* End PBXNativeTarget section */

/* Begin PBXProject section */
		D3BEE2551F7B6C5500134625 /* Project object */ = {
			isa = PBXProject;
			attributes = {
				LastSwiftUpdateCheck = 0900;
				LastUpgradeCheck = 0900;
				ORGANIZATIONNAME = Weslie;
				TargetAttributes = {
					D3BEE25C1F7B6C5500134625 = {
						CreatedOnToolsVersion = 9.0;
						ProvisioningStyle = Automatic;
					};
				};
			};
			buildConfigurationList = D3BEE2581F7B6C5500134625 /* Build configuration list for PBXProject "ActivityIndicatorView" */;
			compatibilityVersion = "Xcode 8.0";
			developmentRegion = en;
			hasScannedForEncodings = 0;
			knownRegions = (
				en,
				Base,
			);
			mainGroup = D3BEE2541F7B6C5500134625;
			productRefGroup = D3BEE25E1F7B6C5500134625 /* Products */;
			projectDirPath = "";
			projectRoot = "";
			targets = (
				D3BEE25C1F7B6C5500134625 /* ActivityIndicatorView */,
			);
		};
/* End PBXProject section */

/* Begin PBXResourcesBuildPhase section */
		D3BEE25B1F7B6C5500134625 /* Resources */ = {
			isa = PBXResourcesBuildPhase;
			buildActionMask = 2147483647;
			files = (
				D3BEE26B1F7B6C5500134625 /* LaunchScreen.storyboard in Resources */,
				D3BEE2681F7B6C5500134625 /* Assets.xcassets in Resources */,
				D3BEE2661F7B6C5500134625 /* Main.storyboard in Resources */,
			);
			runOnlyForDeploymentPostprocessing = 0;
		};
/* End PBXResourcesBuildPhase section */

/* Begin PBXSourcesBuildPhase section */
		D3BEE2591F7B6C5500134625 /* Sources */ = {
			isa = PBXSourcesBuildPhase;
			buildActionMask = 2147483647;
			files = (
				D3BEE2631F7B6C5500134625 /* ViewController.swift in Sources */,
				D3BEE2611F7B6C5500134625 /* AppDelegate.swift in Sources */,
			);
			runOnlyForDeploymentPostprocessing = 0;
		};
/* End PBXSourcesBuildPhase section */

/* Begin PBXVariantGroup section */
		D3BEE2641F7B6C5500134625 /* Main.storyboard */ = {
			isa = PBXVariantGroup;
			children = (
				D3BEE2651F7B6C5500134625 /* Base */,
			);
			name = Main.storyboard;
			sourceTree = "<group>";
		};
		D3BEE2691F7B6C5500134625 /* LaunchScreen.storyboard */ = {
			isa = PBXVariantGroup;
			children = (
				D3BEE26A1F7B6C5500134625 /* Base */,
			);
			name = LaunchScreen.storyboard;
			sourceTree = "<group>";
		};
/* End PBXVariantGroup section */

/* Begin XCBuildConfiguration section */
		D3BEE26D1F7B6C5500134625 /* Debug */ = {
			isa = XCBuildConfiguration;
			buildSettings = {
				ALWAYS_SEARCH_USER_PATHS = NO;
				CLANG_ANALYZER_NONNULL = YES;
				CLANG_ANALYZER_NUMBER_OBJECT_CONVERSION = YES_AGGRESSIVE;
				CLANG_CXX_LANGUAGE_STANDARD = "gnu++14";
				CLANG_CXX_LIBRARY = "libc++";
				CLANG_ENABLE_MODULES = YES;
				CLANG_ENABLE_OBJC_ARC = YES;
				CLANG_WARN_BLOCK_CAPTURE_AUTORELEASING = YES;
				CLANG_WARN_BOOL_CONVERSION = YES;
				CLANG_WARN_COMMA = YES;
				CLANG_WARN_CONSTANT_CONVERSION = YES;
				CLANG_WARN_DIRECT_OBJC_ISA_USAGE = YES_ERROR;
				CLANG_WARN_DOCUMENTATION_COMMENTS = YES;
				CLANG_WARN_EMPTY_BODY = YES;
				CLANG_WARN_ENUM_CONVERSION = YES;
				CLANG_WARN_INFINITE_RECURSION = YES;
				CLANG_WARN_INT_CONVERSION = YES;
				CLANG_WARN_NON_LITERAL_NULL_CONVERSION = YES;
				CLANG_WARN_OBJC_LITERAL_CONVERSION = YES;
				CLANG_WARN_OBJC_ROOT_CLASS = YES_ERROR;
				CLANG_WARN_RANGE_LOOP_ANALYSIS = YES;
				CLANG_WARN_STRICT_PROTOTYPES = YES;
				CLANG_WARN_SUSPICIOUS_MOVE = YES;
				CLANG_WARN_UNGUARDED_AVAILABILITY = YES_AGGRESSIVE;
				CLANG_WARN_UNREACHABLE_CODE = YES;
				CLANG_WARN__DUPLICATE_METHOD_MATCH = YES;
				CODE_SIGN_IDENTITY = "iPhone Developer";
				COPY_PHASE_STRIP = NO;
				DEBUG_INFORMATION_FORMAT = dwarf;
				ENABLE_STRICT_OBJC_MSGSEND = YES;
				ENABLE_TESTABILITY = YES;
				GCC_C_LANGUAGE_STANDARD = gnu11;
				GCC_DYNAMIC_NO_PIC = NO;
				GCC_NO_COMMON_BLOCKS = YES;
				GCC_OPTIMIZATION_LEVEL = 0;
				GCC_PREPROCESSOR_DEFINITIONS = (
					"DEBUG=1",
					"$(inherited)",
				);
				GCC_WARN_64_TO_32_BIT_CONVERSION = YES;
				GCC_WARN_ABOUT_RETURN_TYPE = YES_ERROR;
				GCC_WARN_UNDECLARED_SELECTOR = YES;
				GCC_WARN_UNINITIALIZED_AUTOS = YES_AGGRESSIVE;
				GCC_WARN_UNUSED_FUNCTION = YES;
				GCC_WARN_UNUSED_VARIABLE = YES;
				IPHONEOS_DEPLOYMENT_TARGET = 11.0;
				MTL_ENABLE_DEBUG_INFO = YES;
				ONLY_ACTIVE_ARCH = YES;
				SDKROOT = iphoneos;
				SWIFT_ACTIVE_COMPILATION_CONDITIONS = DEBUG;
				SWIFT_OPTIMIZATION_LEVEL = "-Onone";
			};
			name = Debug;
		};
		D3BEE26E1F7B6C5500134625 /* Release */ = {
			isa = XCBuildConfiguration;
			buildSettings = {
				ALWAYS_SEARCH_USER_PATHS = NO;
				CLANG_ANALYZER_NONNULL = YES;
				CLANG_ANALYZER_NUMBER_OBJECT_CONVERSION = YES_AGGRESSIVE;
				CLANG_CXX_LANGUAGE_STANDARD = "gnu++14";
				CLANG_CXX_LIBRARY = "libc++";
				CLANG_ENABLE_MODULES = YES;
				CLANG_ENABLE_OBJC_ARC = YES;
				CLANG_WARN_BLOCK_CAPTURE_AUTORELEASING = YES;
				CLANG_WARN_BOOL_CONVERSION = YES;
				CLANG_WARN_COMMA = YES;
				CLANG_WARN_CONSTANT_CONVERSION = YES;
				CLANG_WARN_DIRECT_OBJC_ISA_USAGE = YES_ERROR;
				CLANG_WARN_DOCUMENTATION_COMMENTS = YES;
				CLANG_WARN_EMPTY_BODY = YES;
				CLANG_WARN_ENUM_CONVERSION = YES;
				CLANG_WARN_INFINITE_RECURSION = YES;
				CLANG_WARN_INT_CONVERSION = YES;
				CLANG_WARN_NON_LITERAL_NULL_CONVERSION = YES;
				CLANG_WARN_OBJC_LITERAL_CONVERSION = YES;
				CLANG_WARN_OBJC_ROOT_CLASS = YES_ERROR;
				CLANG_WARN_RANGE_LOOP_ANALYSIS = YES;
				CLANG_WARN_STRICT_PROTOTYPES = YES;
				CLANG_WARN_SUSPICIOUS_MOVE = YES;
				CLANG_WARN_UNGUARDED_AVAILABILITY = YES_AGGRESSIVE;
				CLANG_WARN_UNREACHABLE_CODE = YES;
				CLANG_WARN__DUPLICATE_METHOD_MATCH = YES;
				CODE_SIGN_IDENTITY = "iPhone Developer";
				COPY_PHASE_STRIP = NO;
				DEBUG_INFORMATION_FORMAT = "dwarf-with-dsym";
				ENABLE_NS_ASSERTIONS = NO;
				ENABLE_STRICT_OBJC_MSGSEND = YES;
				GCC_C_LANGUAGE_STANDARD = gnu11;
				GCC_NO_COMMON_BLOCKS = YES;
				GCC_WARN_64_TO_32_BIT_CONVERSION = YES;
				GCC_WARN_ABOUT_RETURN_TYPE = YES_ERROR;
				GCC_WARN_UNDECLARED_SELECTOR = YES;
				GCC_WARN_UNINITIALIZED_AUTOS = YES_AGGRESSIVE;
				GCC_WARN_UNUSED_FUNCTION = YES;
				GCC_WARN_UNUSED_VARIABLE = YES;
				IPHONEOS_DEPLOYMENT_TARGET = 11.0;
				MTL_ENABLE_DEBUG_INFO = NO;
				SDKROOT = iphoneos;
				SWIFT_OPTIMIZATION_LEVEL = "-Owholemodule";
				VALIDATE_PRODUCT = YES;
			};
			name = Release;
		};
		D3BEE2701F7B6C5500134625 /* Debug */ = {
			isa = XCBuildConfiguration;
			buildSettings = {
				ASSETCATALOG_COMPILER_APPICON_NAME = AppIcon;
				CODE_SIGN_STYLE = Automatic;
				INFOPLIST_FILE = ActivityIndicatorView/Info.plist;
				LD_RUNPATH_SEARCH_PATHS = "$(inherited) @executable_path/Frameworks";
				PRODUCT_BUNDLE_IDENTIFIER = com.weslie.ActivityIndicatorView;
				PRODUCT_NAME = "$(TARGET_NAME)";
				SWIFT_VERSION = 4.0;
				TARGETED_DEVICE_FAMILY = "1,2";
			};
			name = Debug;
		};
		D3BEE2711F7B6C5500134625 /* Release */ = {
			isa = XCBuildConfiguration;
			buildSettings = {
				ASSETCATALOG_COMPILER_APPICON_NAME = AppIcon;
				CODE_SIGN_STYLE = Automatic;
				INFOPLIST_FILE = ActivityIndicatorView/Info.plist;
				LD_RUNPATH_SEARCH_PATHS = "$(inherited) @executable_path/Frameworks";
				PRODUCT_BUNDLE_IDENTIFIER = com.weslie.ActivityIndicatorView;
				PRODUCT_NAME = "$(TARGET_NAME)";
				SWIFT_VERSION = 4.0;
				TARGETED_DEVICE_FAMILY = "1,2";
			};
			name = Release;
		};
/* End XCBuildConfiguration section */

/* Begin XCConfigurationList section */
		D3BEE2581F7B6C5500134625 /* Build configuration list for PBXProject "ActivityIndicatorView" */ = {
			isa = XCConfigurationList;
			buildConfigurations = (
				D3BEE26D1F7B6C5500134625 /* Debug */,
				D3BEE26E1F7B6C5500134625 /* Release */,
			);
			defaultConfigurationIsVisible = 0;
			defaultConfigurationName = Release;
		};
		D3BEE26F1F7B6C5500134625 /* Build configuration list for PBXNativeTarget "ActivityIndicatorView" */ = {
			isa = XCConfigurationList;
			buildConfigurations = (
				D3BEE2701F7B6C5500134625 /* Debug */,
				D3BEE2711F7B6C5500134625 /* Release */,
			);
			defaultConfigurationIsVisible = 0;
			defaultConfigurationName = Release;
		};
/* End XCConfigurationList section */
	};
	rootObject = D3BEE2551F7B6C5500134625 /* Project object */;
}
